# THIS IS AN AUTOGENERATED FILE. DO NOT EDIT THIS FILE DIRECTLY.
# yarn lockfile v1


"@types/unist@^2.0.0":
  version "2.0.3"
  resolved "https://registry.yarnpkg.com/@types/unist/-/unist-2.0.3.tgz#9c088679876f374eb5983f150d4787aa6fb32d7e"
  integrity sha512-FvUupuM3rlRsRtCN+fDudtmytGO6iHJuuRKS1Ss0pG5z8oX0diNEw94UEL7hgDbpN94rgaK5R7sWm6RrSkZuAQ==

is-url@^1.2.2:
  version "1.2.4"
  resolved "https://registry.yarnpkg.com/is-url/-/is-url-1.2.4.tgz#04a4df46d28c4cff3d73d01ff06abeb318a1aa52"
  integrity sha512-ITvGim8FhRiYe4IQ5uHSkj7pVaPDrCTkNd3yq3cV7iZAcJdHTUMPMEHcqSOy9xZ9qFenQCvi+2wjH9a1nXqHww==

rehype-truncate@^1.1.0:
  version "1.1.0"
  resolved "https://registry.yarnpkg.com/rehype-truncate/-/rehype-truncate-1.1.0.tgz#843220bd21563604163e46f994e6643530116412"
  integrity sha512-s51gb3Rzy5DX9vlGZDADA2PbqPrLf/xaU7v1VUXXacicPGgJnGxHlo9Fz5QezsAB5Cc4EeXMo0gmLIHCuGLV9A==

remark-images@^2.0.0:
  version "2.0.0"
  resolved "https://registry.yarnpkg.com/remark-images/-/remark-images-2.0.0.tgz#7621a406364c3a0a6e4250c3ee63909cc14a2388"
  integrity sha512-1X6XTBQZW489HSwU0k+aU3xAlVe3TyPll6N2Mt1onwINTIqcTk9QTC57937Z8NQDJ8h7gKGXy9d4TJug2dm8lg==
  dependencies:
    is-url "^1.2.2"
    unist-util-is "^4.0.0"
    unist-util-visit-parents "^3.0.0"

unist-util-is@^4.0.0:
  version "4.0.2"
  resolved "https://registry.yarnpkg.com/unist-util-is/-/unist-util-is-4.0.2.tgz#c7d1341188aa9ce5b3cff538958de9895f14a5de"
  integrity sha512-Ofx8uf6haexJwI1gxWMGg6I/dLnF2yE+KibhD3/diOqY2TinLcqHXCV6OI5gFVn3xQqDH+u0M625pfKwIwgBKQ==

unist-util-visit-parents@^3.0.0:
  version "3.0.2"
  resolved "https://registry.yarnpkg.com/unist-util-visit-parents/-/unist-util-visit-parents-3.0.2.tgz#d4076af3011739c71d2ce99d05de37d545f4351d"
  integrity sha512-yJEfuZtzFpQmg1OSCyS9M5NJRrln/9FbYosH3iW0MG402QbdbaB8ZESwUv9RO6nRfLAKvWcMxCwdLWOov36x/g==
  dependencies:
    "@types/unist" "^2.0.0"
    unist-util-is "^4.0.0"
